
Microsoft Visual Studio Solution File, Format Version 12.00
# Visual Studio Version 17
VisualStudioVersion = 17.12.35506.116
MinimumVisualStudioVersion = 10.0.40219.1
Project("{8BC9CEB8-8B4A-11D0-8D11-00A0C91BC942}") = "psvr2_openvr_driver_ex", "projects\psvr2_openvr_driver_ex\psvr2_openvr_driver_ex.vcxproj", "{B2A22051-5E4F-4471-A6B6-73DD9BE4AC49}"
EndProject
Project("{8BC9CEB8-8B4A-11D0-8D11-00A0C91BC942}") = "UnifiedTelemetry.Client_stub", "projects\UnifiedTelemetry.Client_stub\UnifiedTelemetry.Client_stub.vcxproj", "{A17F69A1-4CBD-4B92-BEAD-D331A378533A}"
EndProject
Project("{8BC9CEB8-8B4A-11D0-8D11-00A0C91BC942}") = "UnifiedTelemetry.Model_stub", "projects\UnifiedTelemetry.Model_stub\UnifiedTelemetry.Model_stub.vcxproj", "{479C51AE-D86B-433F-ADAA-DCDD1646300A}"
EndProject
Project("{8BC9CEB8-8B4A-11D0-8D11-00A0C91BC942}") = "UnifiedTelemetry.Service_stub", "projects\UnifiedTelemetry.Service_stub\UnifiedTelemetry.Service_stub.vcxproj", "{40ADD18D-A928-4ABF-BE63-4591F53A4801}"
EndProject
Project("{FAE04EC0-301F-11D3-BF4B-00C04F79EFBC}") = "PSVR2Toolkit.IPC", "projects\PSVR2Toolkit.IPC\PSVR2Toolkit.IPC.csproj", "{48FCC06F-F55F-F3B4-0563-5CD83BA2FC85}"
EndProject
Project("{FAE04EC0-301F-11D3-BF4B-00C04F79EFBC}") = "PSVR2Toolkit.App", "projects\PSVR2Toolkit.App\PSVR2Toolkit.App.csproj", "{8E6661D1-6A40-4949-93CC-2280909E2DB3}"
EndProject
Project("{8BC9CEB8-8B4A-11D0-8D11-00A0C91BC942}") = "libcustomshare", "projects\libcustomshare\libcustomshare.vcxproj", "{EABC1D23-54F9-455F-9FB4-C0A7A01CA592}"
EndProject
Project("{FAE04EC0-301F-11D3-BF4B-00C04F79EFBC}") = "SetHapticsGain", "projects\SetHapticsGain\SetHapticsGain.csproj", "{5587B596-6005-4011-8925-123456789ABC}"
EndProject
Global
	GlobalSection(SolutionConfigurationPlatforms) = preSolution
		Debug|x64 = Debug|x64
		DebugCI|x64 = DebugCI|x64
		Release|x64 = Release|x64
		ReleaseCI|x64 = ReleaseCI|x64
	EndGlobalSection
	GlobalSection(ProjectConfigurationPlatforms) = postSolution
		{B2A22051-5E4F-4471-A6B6-73DD9BE4AC49}.Debug|x64.ActiveCfg = Debug|x64
		{B2A22051-5E4F-4471-A6B6-73DD9BE4AC49}.Debug|x64.Build.0 = Debug|x64
		{B2A22051-5E4F-4471-A6B6-73DD9BE4AC49}.DebugCI|x64.ActiveCfg = DebugCI|x64
		{B2A22051-5E4F-4471-A6B6-73DD9BE4AC49}.DebugCI|x64.Build.0 = DebugCI|x64
		{B2A22051-5E4F-4471-A6B6-73DD9BE4AC49}.Release|x64.ActiveCfg = Release|x64
		{B2A22051-5E4F-4471-A6B6-73DD9BE4AC49}.Release|x64.Build.0 = Release|x64
		{B2A22051-5E4F-4471-A6B6-73DD9BE4AC49}.ReleaseCI|x64.ActiveCfg = ReleaseCI|x64
		{B2A22051-5E4F-4471-A6B6-73DD9BE4AC49}.ReleaseCI|x64.Build.0 = ReleaseCI|x64
		{A17F69A1-4CBD-4B92-BEAD-D331A378533A}.Debug|x64.ActiveCfg = Debug|x64
		{A17F69A1-4CBD-4B92-BEAD-D331A378533A}.Debug|x64.Build.0 = Debug|x64
		{A17F69A1-4CBD-4B92-BEAD-D331A378533A}.DebugCI|x64.ActiveCfg = DebugCI|x64
		{A17F69A1-4CBD-4B92-BEAD-D331A378533A}.DebugCI|x64.Build.0 = DebugCI|x64
		{A17F69A1-4CBD-4B92-BEAD-D331A378533A}.Release|x64.ActiveCfg = Release|x64
		{A17F69A1-4CBD-4B92-BEAD-D331A378533A}.Release|x64.Build.0 = Release|x64
		{A17F69A1-4CBD-4B92-BEAD-D331A378533A}.ReleaseCI|x64.ActiveCfg = ReleaseCI|x64
		{A17F69A1-4CBD-4B92-BEAD-D331A378533A}.ReleaseCI|x64.Build.0 = ReleaseCI|x64
		{479C51AE-D86B-433F-ADAA-DCDD1646300A}.Debug|x64.ActiveCfg = Debug|x64
		{479C51AE-D86B-433F-ADAA-DCDD1646300A}.Debug|x64.Build.0 = Debug|x64
		{479C51AE-D86B-433F-ADAA-DCDD1646300A}.DebugCI|x64.ActiveCfg = DebugCI|x64
		{479C51AE-D86B-433F-ADAA-DCDD1646300A}.DebugCI|x64.Build.0 = DebugCI|x64
		{479C51AE-D86B-433F-ADAA-DCDD1646300A}.Release|x64.ActiveCfg = Release|x64
		{479C51AE-D86B-433F-ADAA-DCDD1646300A}.Release|x64.Build.0 = Release|x64
		{479C51AE-D86B-433F-ADAA-DCDD1646300A}.ReleaseCI|x64.ActiveCfg = ReleaseCI|x64
		{479C51AE-D86B-433F-ADAA-DCDD1646300A}.ReleaseCI|x64.Build.0 = ReleaseCI|x64
		{40ADD18D-A928-4ABF-BE63-4591F53A4801}.Debug|x64.ActiveCfg = Debug|x64
		{40ADD18D-A928-4ABF-BE63-4591F53A4801}.Debug|x64.Build.0 = Debug|x64
		{40ADD18D-A928-4ABF-BE63-4591F53A4801}.DebugCI|x64.ActiveCfg = DebugCI|x64
		{40ADD18D-A928-4ABF-BE63-4591F53A4801}.DebugCI|x64.Build.0 = DebugCI|x64
		{40ADD18D-A928-4ABF-BE63-4591F53A4801}.Release|x64.ActiveCfg = Release|x64
		{40ADD18D-A928-4ABF-BE63-4591F53A4801}.Release|x64.Build.0 = Release|x64
		{40ADD18D-A928-4ABF-BE63-4591F53A4801}.ReleaseCI|x64.ActiveCfg = ReleaseCI|x64
		{40ADD18D-A928-4ABF-BE63-4591F53A4801}.ReleaseCI|x64.Build.0 = ReleaseCI|x64
		{48FCC06F-F55F-F3B4-0563-5CD83BA2FC85}.Debug|x64.ActiveCfg = Debug|Any CPU
		{48FCC06F-F55F-F3B4-0563-5CD83BA2FC85}.Debug|x64.Build.0 = Debug|Any CPU
		{48FCC06F-F55F-F3B4-0563-5CD83BA2FC85}.DebugCI|x64.ActiveCfg = DebugCI|Any CPU
		{48FCC06F-F55F-F3B4-0563-5CD83BA2FC85}.DebugCI|x64.Build.0 = DebugCI|Any CPU
		{48FCC06F-F55F-F3B4-0563-5CD83BA2FC85}.Release|x64.ActiveCfg = Release|Any CPU
		{48FCC06F-F55F-F3B4-0563-5CD83BA2FC85}.Release|x64.Build.0 = Release|Any CPU
		{48FCC06F-F55F-F3B4-0563-5CD83BA2FC85}.ReleaseCI|x64.ActiveCfg = ReleaseCI|Any CPU
		{48FCC06F-F55F-F3B4-0563-5CD83BA2FC85}.ReleaseCI|x64.Build.0 = ReleaseCI|Any CPU
		{8E6661D1-6A40-4949-93CC-2280909E2DB3}.Debug|x64.ActiveCfg = Debug|Any CPU
		{8E6661D1-6A40-4949-93CC-2280909E2DB3}.Debug|x64.Build.0 = Debug|Any CPU
		{8E6661D1-6A40-4949-93CC-2280909E2DB3}.DebugCI|x64.ActiveCfg = DebugCI|Any CPU
		{8E6661D1-6A40-4949-93CC-2280909E2DB3}.DebugCI|x64.Build.0 = DebugCI|Any CPU
		{8E6661D1-6A40-4949-93CC-2280909E2DB3}.Release|x64.ActiveCfg = Release|Any CPU
		{8E6661D1-6A40-4949-93CC-2280909E2DB3}.Release|x64.Build.0 = Release|Any CPU
		{8E6661D1-6A40-4949-93CC-2280909E2DB3}.ReleaseCI|x64.ActiveCfg = ReleaseCI|Any CPU
		{8E6661D1-6A40-4949-93CC-2280909E2DB3}.ReleaseCI|x64.Build.0 = ReleaseCI|Any CPU
		{EABC1D23-54F9-455F-9FB4-C0A7A01CA592}.Debug|x64.ActiveCfg = Debug|x64
		{EABC1D23-54F9-455F-9FB4-C0A7A01CA592}.Debug|x64.Build.0 = Debug|x64
		{EABC1D23-54F9-455F-9FB4-C0A7A01CA592}.DebugCI|x64.ActiveCfg = Debug|x64
		{EABC1D23-54F9-455F-9FB4-C0A7A01CA592}.DebugCI|x64.Build.0 = Debug|x64
		{EABC1D23-54F9-455F-9FB4-C0A7A01CA592}.Release|x64.ActiveCfg = Release|x64
		{EABC1D23-54F9-455F-9FB4-C0A7A01CA592}.Release|x64.Build.0 = Release|x64
		{EABC1D23-54F9-455F-9FB4-C0A7A01CA592}.ReleaseCI|x64.ActiveCfg = Release|x64
		{EABC1D23-54F9-455F-9FB4-C0A7A01CA592}.ReleaseCI|x64.Build.0 = Release|x64
        {5587B596-6005-4011-8925-123456789ABC}.Debug|x64.ActiveCfg = Debug|Any CPU
		{5587B596-6005-4011-8925-123456789ABC}.Debug|x64.Build.0 = Debug|Any CPU
		{5587B596-6005-4011-8925-123456789ABC}.DebugCI|x64.ActiveCfg = DebugCI|Any CPU
		{5587B596-6005-4011-8925-123456789ABC}.DebugCI|x64.Build.0 = DebugCI|Any CPU
		{5587B596-6005-4011-8925-123456789ABC}.Release|x64.ActiveCfg = Release|Any CPU
		{5587B596-6005-4011-8925-123456789ABC}.Release|x64.Build.0 = Release|Any CPU
		{5587B596-6005-4011-8925-123456789ABC}.ReleaseCI|x64.ActiveCfg = ReleaseCI|Any CPU
		{5587B596-6005-4011-8925-123456789ABC}.ReleaseCI|x64.Build.0 = ReleaseCI|Any CPU
	EndGlobalSection
	GlobalSection(SolutionProperties) = preSolution
		HideSolutionNode = FALSE
	EndGlobalSection
	GlobalSection(ExtensibilityGlobals) = postSolution
		SolutionGuid = {4519F772-725B-47BF-BD00-0EA336012E8C}
	EndGlobalSection
EndGlobal
